// !$*UTF8*$!
{
	archiveVersion = 1;
	classes = {
	};
	objectVersion = 46;
	objects = {

/* Begin PBXBuildFile section */
		42A941C912CD3AA300564238 /* variations.c in Sources */ = {isa = PBXBuildFile; fileRef = 42A941C812CD3AA300564238 /* variations.c */; };
		42A941D812CD3ADF00564238 /* png.c in Sources */ = {isa = PBXBuildFile; fileRef = 42A941D312CD3ADF00564238 /* png.c */; };
		42A941D912CD3ADF00564238 /* parser.c in Sources */ = {isa = PBXBuildFile; fileRef = 42A941D512CD3ADF00564238 /* parser.c */; };
		42A941DA12CD3ADF00564238 /* palettes.c in Sources */ = {isa = PBXBuildFile; fileRef = 42A941D712CD3ADF00564238 /* palettes.c */; };
		42A941E212CD3B0900564238 /* isaac.c in Sources */ = {isa = PBXBuildFile; fileRef = 42A941DE12CD3B0900564238 /* isaac.c */; };
		42A941E312CD3B0900564238 /* interpolation.c in Sources */ = {isa = PBXBuildFile; fileRef = 42A941E012CD3B0900564238 /* interpolation.c */; };
		42A941E712CD3C0C00564238 /* flam3.c in Sources */ = {isa = PBXBuildFile; fileRef = 42A941E612CD3C0C00564238 /* flam3.c */; };
		42A941E912CD3C3600564238 /* flam3-render.c in Sources */ = {isa = PBXBuildFile; fileRef = 42A941E812CD3C3600564238 /* flam3-render.c */; };
		42A941ED12CD3C5400564238 /* filters.c in Sources */ = {isa = PBXBuildFile; fileRef = 42A941EB12CD3C5400564238 /* filters.c */; };
		42A941EE12CD3C5400564238 /* docstring.c in Sources */ = {isa = PBXBuildFile; fileRef = 42A941EC12CD3C5400564238 /* docstring.c */; };
		42A9423A12CD3ED200564238 /* libxml2.a in Frameworks */ = {isa = PBXBuildFile; fileRef = 42A9422B12CD3ED200564238 /* libxml2.a */; };
		42A9423B12CD3ED200564238 /* libxml2.dll.a in Frameworks */ = {isa = PBXBuildFile; fileRef = 42A9422C12CD3ED200564238 /* libxml2.dll.a */; };
		42A9425612CD42A900564238 /* libpng.a in Frameworks */ = {isa = PBXBuildFile; fileRef = 42A9425512CD42A900564238 /* libpng.a */; };
		42A9438C12CE7C9000564238 /* variations.c in Sources */ = {isa = PBXBuildFile; fileRef = 42A941C812CD3AA300564238 /* variations.c */; };
		42A9438D12CE7C9000564238 /* png.c in Sources */ = {isa = PBXBuildFile; fileRef = 42A941D312CD3ADF00564238 /* png.c */; };
		42A9438E12CE7C9000564238 /* parser.c in Sources */ = {isa = PBXBuildFile; fileRef = 42A941D512CD3ADF00564238 /* parser.c */; };
		42A9438F12CE7C9000564238 /* palettes.c in Sources */ = {isa = PBXBuildFile; fileRef = 42A941D712CD3ADF00564238 /* palettes.c */; };
		42A9439012CE7C9000564238 /* isaac.c in Sources */ = {isa = PBXBuildFile; fileRef = 42A941DE12CD3B0900564238 /* isaac.c */; };
		42A9439112CE7C9000564238 /* interpolation.c in Sources */ = {isa = PBXBuildFile; fileRef = 42A941E012CD3B0900564238 /* interpolation.c */; };
		42A9439212CE7C9000564238 /* flam3.c in Sources */ = {isa = PBXBuildFile; fileRef = 42A941E612CD3C0C00564238 /* flam3.c */; };
		42A9439412CE7C9000564238 /* filters.c in Sources */ = {isa = PBXBuildFile; fileRef = 42A941EB12CD3C5400564238 /* filters.c */; };
		42A9439512CE7C9000564238 /* docstring.c in Sources */ = {isa = PBXBuildFile; fileRef = 42A941EC12CD3C5400564238 /* docstring.c */; };
		8DD76FB00486AB0100D96B5E /* FLAM3.1 in CopyFiles */ = {isa = PBXBuildFile; fileRef = C6A0FF2C0290799A04C91782 /* FLAM3.1 */; };
/* End PBXBuildFile section */

/* Begin PBXCopyFilesBuildPhase section */
		8DD76FAF0486AB0100D96B5E /* CopyFiles */ = {
			isa = PBXCopyFilesBuildPhase;
			buildActionMask = 8;
			dstPath = /usr/share/man/man1/;
			dstSubfolderSpec = 0;
			files = (
				8DD76FB00486AB0100D96B5E /* FLAM3.1 in CopyFiles */,
			);
			runOnlyForDeploymentPostprocessing = 1;
		};
/* End PBXCopyFilesBuildPhase section */

/* Begin PBXFileReference section */
		42A941C712CD3AA300564238 /* variations.h */ = {isa = PBXFileReference; fileEncoding = 4; lastKnownFileType = sourcecode.c.h; name = variations.h; path = flam3/src/variations.h; sourceTree = "<group>"; };
		42A941C812CD3AA300564238 /* variations.c */ = {isa = PBXFileReference; fileEncoding = 4; lastKnownFileType = sourcecode.c.c; name = variations.c; path = flam3/src/variations.c; sourceTree = "<group>"; };
		42A941D212CD3ADF00564238 /* private.h */ = {isa = PBXFileReference; fileEncoding = 4; lastKnownFileType = sourcecode.c.h; name = private.h; path = flam3/src/private.h; sourceTree = "<group>"; };
		42A941D312CD3ADF00564238 /* png.c */ = {isa = PBXFileReference; fileEncoding = 4; lastKnownFileType = sourcecode.c.c; name = png.c; path = flam3/src/png.c; sourceTree = "<group>"; };
		42A941D412CD3ADF00564238 /* parser.h */ = {isa = PBXFileReference; fileEncoding = 4; lastKnownFileType = sourcecode.c.h; name = parser.h; path = flam3/src/parser.h; sourceTree = "<group>"; };
		42A941D512CD3ADF00564238 /* parser.c */ = {isa = PBXFileReference; fileEncoding = 4; lastKnownFileType = sourcecode.c.c; name = parser.c; path = flam3/src/parser.c; sourceTree = "<group>"; };
		42A941D612CD3ADF00564238 /* palettes.h */ = {isa = PBXFileReference; fileEncoding = 4; lastKnownFileType = sourcecode.c.h; name = palettes.h; path = flam3/src/palettes.h; sourceTree = "<group>"; };
		42A941D712CD3ADF00564238 /* palettes.c */ = {isa = PBXFileReference; fileEncoding = 4; lastKnownFileType = sourcecode.c.c; name = palettes.c; path = flam3/src/palettes.c; sourceTree = "<group>"; };
		42A941DC12CD3B0900564238 /* isaacs.h */ = {isa = PBXFileReference; fileEncoding = 4; lastKnownFileType = sourcecode.c.h; name = isaacs.h; path = flam3/src/isaacs.h; sourceTree = "<group>"; };
		42A941DD12CD3B0900564238 /* isaac.h */ = {isa = PBXFileReference; fileEncoding = 4; lastKnownFileType = sourcecode.c.h; name = isaac.h; path = flam3/src/isaac.h; sourceTree = "<group>"; };
		42A941DE12CD3B0900564238 /* isaac.c */ = {isa = PBXFileReference; fileEncoding = 4; lastKnownFileType = sourcecode.c.c; name = isaac.c; path = flam3/src/isaac.c; sourceTree = "<group>"; };
		42A941DF12CD3B0900564238 /* interpolation.h */ = {isa = PBXFileReference; fileEncoding = 4; lastKnownFileType = sourcecode.c.h; name = interpolation.h; path = flam3/src/interpolation.h; sourceTree = "<group>"; };
		42A941E012CD3B0900564238 /* interpolation.c */ = {isa = PBXFileReference; fileEncoding = 4; lastKnownFileType = sourcecode.c.c; name = interpolation.c; path = flam3/src/interpolation.c; sourceTree = "<group>"; };
		42A941E412CD3BF100564238 /* img.h */ = {isa = PBXFileReference; fileEncoding = 4; lastKnownFileType = sourcecode.c.h; name = img.h; path = flam3/src/img.h; sourceTree = "<group>"; };
		42A941E512CD3BFF00564238 /* flam3.h */ = {isa = PBXFileReference; fileEncoding = 4; lastKnownFileType = sourcecode.c.h; name = flam3.h; path = flam3/src/flam3.h; sourceTree = "<group>"; };
		42A941E612CD3C0C00564238 /* flam3.c */ = {isa = PBXFileReference; fileEncoding = 4; lastKnownFileType = sourcecode.c.c; name = flam3.c; path = flam3/src/flam3.c; sourceTree = "<group>"; };
		42A941E812CD3C3600564238 /* flam3-render.c */ = {isa = PBXFileReference; fileEncoding = 4; lastKnownFileType = sourcecode.c.c; name = "flam3-render.c"; path = "flam3/src/flam3-render.c"; sourceTree = "<group>"; };
		42A941EA12CD3C5400564238 /* filters.h */ = {isa = PBXFileReference; fileEncoding = 4; lastKnownFileType = sourcecode.c.h; name = filters.h; path = flam3/src/filters.h; sourceTree = "<group>"; };
		42A941EB12CD3C5400564238 /* filters.c */ = {isa = PBXFileReference; fileEncoding = 4; lastKnownFileType = sourcecode.c.c; name = filters.c; path = flam3/src/filters.c; sourceTree = "<group>"; };
		42A941EC12CD3C5400564238 /* docstring.c */ = {isa = PBXFileReference; fileEncoding = 4; lastKnownFileType = sourcecode.c.c; name = docstring.c; path = flam3/src/docstring.c; sourceTree = "<group>"; };
		42A941EF12CD3C7800564238 /* config.h */ = {isa = PBXFileReference; fileEncoding = 4; lastKnownFileType = sourcecode.c.h; name = config.h; path = flam3/src/config.h; sourceTree = "<group>"; };
		42A941F412CD3ED200564238 /* libxml2-2.dll */ = {isa = PBXFileReference; lastKnownFileType = file; path = "libxml2-2.dll"; sourceTree = "<group>"; };
		42A941F512CD3ED200564238 /* xml2-config */ = {isa = PBXFileReference; fileEncoding = 4; lastKnownFileType = text.script.sh; path = "xml2-config"; sourceTree = "<group>"; };
		42A941F612CD3ED200564238 /* xmlcatalog.exe */ = {isa = PBXFileReference; lastKnownFileType = file; path = xmlcatalog.exe; sourceTree = "<group>"; };
		42A941F712CD3ED200564238 /* xmllint.exe */ = {isa = PBXFileReference; lastKnownFileType = file; path = xmllint.exe; sourceTree = "<group>"; };
		42A941FB12CD3ED200564238 /* c14n.h */ = {isa = PBXFileReference; fileEncoding = 4; lastKnownFileType = sourcecode.c.h; path = c14n.h; sourceTree = "<group>"; };
		42A941FC12CD3ED200564238 /* catalog.h */ = {isa = PBXFileReference; fileEncoding = 4; lastKnownFileType = sourcecode.c.h; path = catalog.h; sourceTree = "<group>"; };
		42A941FD12CD3ED200564238 /* chvalid.h */ = {isa = PBXFileReference; fileEncoding = 4; lastKnownFileType = sourcecode.c.h; path = chvalid.h; sourceTree = "<group>"; };
		42A941FE12CD3ED200564238 /* debugXML.h */ = {isa = PBXFileReference; fileEncoding = 4; lastKnownFileType = sourcecode.c.h; path = debugXML.h; sourceTree = "<group>"; };
		42A941FF12CD3ED200564238 /* dict.h */ = {isa = PBXFileReference; fileEncoding = 4; lastKnownFileType = sourcecode.c.h; path = dict.h; sourceTree = "<group>"; };
		42A9420012CD3ED200564238 /* DOCBparser.h */ = {isa = PBXFileReference; fileEncoding = 4; lastKnownFileType = sourcecode.c.h; path = DOCBparser.h; sourceTree = "<group>"; };
		42A9420112CD3ED200564238 /* encoding.h */ = {isa = PBXFileReference; fileEncoding = 4; lastKnownFileType = sourcecode.c.h; path = encoding.h; sourceTree = "<group>"; };
		42A9420212CD3ED200564238 /* entities.h */ = {isa = PBXFileReference; fileEncoding = 4; lastKnownFileType = sourcecode.c.h; path = entities.h; sourceTree = "<group>"; };
		42A9420312CD3ED200564238 /* globals.h */ = {isa = PBXFileReference; fileEncoding = 4; lastKnownFileType = sourcecode.c.h; path = globals.h; sourceTree = "<group>"; };
		42A9420412CD3ED200564238 /* hash.h */ = {isa = PBXFileReference; fileEncoding = 4; lastKnownFileType = sourcecode.c.h; path = hash.h; sourceTree = "<group>"; };
		42A9420512CD3ED200564238 /* HTMLparser.h */ = {isa = PBXFileReference; fileEncoding = 4; lastKnownFileType = sourcecode.c.h; path = HTMLparser.h; sourceTree = "<group>"; };
		42A9420612CD3ED200564238 /* HTMLtree.h */ = {isa = PBXFileReference; fileEncoding = 4; lastKnownFileType = sourcecode.c.h; path = HTMLtree.h; sourceTree = "<group>"; };
		42A9420712CD3ED200564238 /* list.h */ = {isa = PBXFileReference; fileEncoding = 4; lastKnownFileType = sourcecode.c.h; path = list.h; sourceTree = "<group>"; };
		42A9420812CD3ED200564238 /* nanoftp.h */ = {isa = PBXFileReference; fileEncoding = 4; lastKnownFileType = sourcecode.c.h; path = nanoftp.h; sourceTree = "<group>"; };
		42A9420912CD3ED200564238 /* nanohttp.h */ = {isa = PBXFileReference; fileEncoding = 4; lastKnownFileType = sourcecode.c.h; path = nanohttp.h; sourceTree = "<group>"; };
		42A9420A12CD3ED200564238 /* parser.h */ = {isa = PBXFileReference; fileEncoding = 4; lastKnownFileType = sourcecode.c.h; path = parser.h; sourceTree = "<group>"; };
		42A9420B12CD3ED200564238 /* parserInternals.h */ = {isa = PBXFileReference; fileEncoding = 4; lastKnownFileType = sourcecode.c.h; path = parserInternals.h; sourceTree = "<group>"; };
		42A9420C12CD3ED200564238 /* pattern.h */ = {isa = PBXFileReference; fileEncoding = 4; lastKnownFileType = sourcecode.c.h; path = pattern.h; sourceTree = "<group>"; };
		42A9420D12CD3ED200564238 /* relaxng.h */ = {isa = PBXFileReference; fileEncoding = 4; lastKnownFileType = sourcecode.c.h; path = relaxng.h; sourceTree = "<group>"; };
		42A9420E12CD3ED200564238 /* SAX.h */ = {isa = PBXFileReference; fileEncoding = 4; lastKnownFileType = sourcecode.c.h; path = SAX.h; sourceTree = "<group>"; };
		42A9420F12CD3ED200564238 /* SAX2.h */ = {isa = PBXFileReference; fileEncoding = 4; lastKnownFileType = sourcecode.c.h; path = SAX2.h; sourceTree = "<group>"; };
		42A9421012CD3ED200564238 /* schemasInternals.h */ = {isa = PBXFileReference; fileEncoding = 4; lastKnownFileType = sourcecode.c.h; path = schemasInternals.h; sourceTree = "<group>"; };
		42A9421112CD3ED200564238 /* schematron.h */ = {isa = PBXFileReference; fileEncoding = 4; lastKnownFileType = sourcecode.c.h; path = schematron.h; sourceTree = "<group>"; };
		42A9421212CD3ED200564238 /* threads.h */ = {isa = PBXFileReference; fileEncoding = 4; lastKnownFileType = sourcecode.c.h; path = threads.h; sourceTree = "<group>"; };
		42A9421312CD3ED200564238 /* tree.h */ = {isa = PBXFileReference; fileEncoding = 4; lastKnownFileType = sourcecode.c.h; path = tree.h; sourceTree = "<group>"; };
		42A9421412CD3ED200564238 /* uri.h */ = {isa = PBXFileReference; fileEncoding = 4; lastKnownFileType = sourcecode.c.h; path = uri.h; sourceTree = "<group>"; };
		42A9421512CD3ED200564238 /* valid.h */ = {isa = PBXFileReference; fileEncoding = 4; lastKnownFileType = sourcecode.c.h; path = valid.h; sourceTree = "<group>"; };
		42A9421612CD3ED200564238 /* xinclude.h */ = {isa = PBXFileReference; fileEncoding = 4; lastKnownFileType = sourcecode.c.h; path = xinclude.h; sourceTree = "<group>"; };
		42A9421712CD3ED200564238 /* xlink.h */ = {isa = PBXFileReference; fileEncoding = 4; lastKnownFileType = sourcecode.c.h; path = xlink.h; sourceTree = "<group>"; };
		42A9421812CD3ED200564238 /* xmlautomata.h */ = {isa = PBXFileReference; fileEncoding = 4; lastKnownFileType = sourcecode.c.h; path = xmlautomata.h; sourceTree = "<group>"; };
		42A9421912CD3ED200564238 /* xmlerror.h */ = {isa = PBXFileReference; fileEncoding = 4; lastKnownFileType = sourcecode.c.h; path = xmlerror.h; sourceTree = "<group>"; };
		42A9421A12CD3ED200564238 /* xmlexports.h */ = {isa = PBXFileReference; fileEncoding = 4; lastKnownFileType = sourcecode.c.h; path = xmlexports.h; sourceTree = "<group>"; };
		42A9421B12CD3ED200564238 /* xmlIO.h */ = {isa = PBXFileReference; fileEncoding = 4; lastKnownFileType = sourcecode.c.h; path = xmlIO.h; sourceTree = "<group>"; };
		42A9421C12CD3ED200564238 /* xmlmemory.h */ = {isa = PBXFileReference; fileEncoding = 4; lastKnownFileType = sourcecode.c.h; path = xmlmemory.h; sourceTree = "<group>"; };
		42A9421D12CD3ED200564238 /* xmlmodule.h */ = {isa = PBXFileReference; fileEncoding = 4; lastKnownFileType = sourcecode.c.h; path = xmlmodule.h; sourceTree = "<group>"; };
		42A9421E12CD3ED200564238 /* xmlreader.h */ = {isa = PBXFileReference; fileEncoding = 4; lastKnownFileType = sourcecode.c.h; path = xmlreader.h; sourceTree = "<group>"; };
		42A9421F12CD3ED200564238 /* xmlregexp.h */ = {isa = PBXFileReference; fileEncoding = 4; lastKnownFileType = sourcecode.c.h; path = xmlregexp.h; sourceTree = "<group>"; };
		42A9422012CD3ED200564238 /* xmlsave.h */ = {isa = PBXFileReference; fileEncoding = 4; lastKnownFileType = sourcecode.c.h; path = xmlsave.h; sourceTree = "<group>"; };
		42A9422112CD3ED200564238 /* xmlschemas.h */ = {isa = PBXFileReference; fileEncoding = 4; lastKnownFileType = sourcecode.c.h; path = xmlschemas.h; sourceTree = "<group>"; };
		42A9422212CD3ED200564238 /* xmlschemastypes.h */ = {isa = PBXFileReference; fileEncoding = 4; lastKnownFileType = sourcecode.c.h; path = xmlschemastypes.h; sourceTree = "<group>"; };
		42A9422312CD3ED200564238 /* xmlstring.h */ = {isa = PBXFileReference; fileEncoding = 4; lastKnownFileType = sourcecode.c.h; path = xmlstring.h; sourceTree = "<group>"; };
		42A9422412CD3ED200564238 /* xmlunicode.h */ = {isa = PBXFileReference; fileEncoding = 4; lastKnownFileType = sourcecode.c.h; path = xmlunicode.h; sourceTree = "<group>"; };
		42A9422512CD3ED200564238 /* xmlversion.h */ = {isa = PBXFileReference; fileEncoding = 4; lastKnownFileType = sourcecode.c.h; path = xmlversion.h; sourceTree = "<group>"; };
		42A9422612CD3ED200564238 /* xmlwriter.h */ = {isa = PBXFileReference; fileEncoding = 4; lastKnownFileType = sourcecode.c.h; path = xmlwriter.h; sourceTree = "<group>"; };
		42A9422712CD3ED200564238 /* xpath.h */ = {isa = PBXFileReference; fileEncoding = 4; lastKnownFileType = sourcecode.c.h; path = xpath.h; sourceTree = "<group>"; };
		42A9422812CD3ED200564238 /* xpathInternals.h */ = {isa = PBXFileReference; fileEncoding = 4; lastKnownFileType = sourcecode.c.h; path = xpathInternals.h; sourceTree = "<group>"; };
		42A9422912CD3ED200564238 /* xpointer.h */ = {isa = PBXFileReference; fileEncoding = 4; lastKnownFileType = sourcecode.c.h; path = xpointer.h; sourceTree = "<group>"; };
		42A9422B12CD3ED200564238 /* libxml2.a */ = {isa = PBXFileReference; lastKnownFileType = archive.ar; path = libxml2.a; sourceTree = "<group>"; };
		42A9422C12CD3ED200564238 /* libxml2.dll.a */ = {isa = PBXFileReference; lastKnownFileType = archive.ar; path = libxml2.dll.a; sourceTree = "<group>"; };
		42A9422E12CD3ED200564238 /* libxml-2.0.pc */ = {isa = PBXFileReference; fileEncoding = 4; lastKnownFileType = text; path = "libxml-2.0.pc"; sourceTree = "<group>"; };
		42A9422F12CD3ED200564238 /* xml2Conf.sh */ = {isa = PBXFileReference; fileEncoding = 4; lastKnownFileType = text.script.sh; path = xml2Conf.sh; sourceTree = "<group>"; };
		42A9423212CD3ED200564238 /* xml2-config.1 */ = {isa = PBXFileReference; fileEncoding = 4; lastKnownFileType = text.man; path = "xml2-config.1"; sourceTree = "<group>"; };
		42A9423312CD3ED200564238 /* xmlcatalog.1 */ = {isa = PBXFileReference; fileEncoding = 4; lastKnownFileType = text.man; path = xmlcatalog.1; sourceTree = "<group>"; };
		42A9423412CD3ED200564238 /* xmllint.1 */ = {isa = PBXFileReference; fileEncoding = 4; lastKnownFileType = text.man; path = xmllint.1; sourceTree = "<group>"; };
		42A9423612CD3ED200564238 /* libxml.3 */ = {isa = PBXFileReference; fileEncoding = 4; lastKnownFileType = text; path = libxml.3; sourceTree = "<group>"; };
		42A9423912CD3ED200564238 /* libxml.m4 */ = {isa = PBXFileReference; fileEncoding = 4; lastKnownFileType = text; path = libxml.m4; sourceTree = "<group>"; };
		42A9425112CD42A900564238 /* png.h */ = {isa = PBXFileReference; fileEncoding = 4; lastKnownFileType = sourcecode.c.h; path = png.h; sourceTree = "<group>"; };
		42A9425212CD42A900564238 /* pngconf.h */ = {isa = PBXFileReference; fileEncoding = 4; lastKnownFileType = sourcecode.c.h; path = pngconf.h; sourceTree = "<group>"; };
		42A9425512CD42A900564238 /* libpng.a */ = {isa = PBXFileReference; lastKnownFileType = archive.ar; path = libpng.a; sourceTree = "<group>"; };
		42A9437D12CE7B7000564238 /* libflam3.a */ = {isa = PBXFileReference; explicitFileType = archive.ar; includeInIndex = 0; path = libflam3.a; sourceTree = BUILT_PRODUCTS_DIR; };
		8DD76FB20486AB0100D96B5E /* FLAM3 */ = {isa = PBXFileReference; explicitFileType = "compiled.mach-o.executable"; includeInIndex = 0; path = FLAM3; sourceTree = BUILT_PRODUCTS_DIR; };
		C6A0FF2C0290799A04C91782 /* FLAM3.1 */ = {isa = PBXFileReference; lastKnownFileType = text.man; path = FLAM3.1; sourceTree = "<group>"; };
/* End PBXFileReference section */

/* Begin PBXFrameworksBuildPhase section */
		42A9437B12CE7B7000564238 /* Frameworks */ = {
			isa = PBXFrameworksBuildPhase;
			buildActionMask = 2147483647;
			files = (
			);
			runOnlyForDeploymentPostprocessing = 0;
		};
		8DD76FAD0486AB0100D96B5E /* Frameworks */ = {
			isa = PBXFrameworksBuildPhase;
			buildActionMask = 2147483647;
			files = (
				42A9423A12CD3ED200564238 /* libxml2.a in Frameworks */,
				42A9423B12CD3ED200564238 /* libxml2.dll.a in Frameworks */,
				42A9425612CD42A900564238 /* libpng.a in Frameworks */,
			);
			runOnlyForDeploymentPostprocessing = 0;
		};
/* End PBXFrameworksBuildPhase section */

/* Begin PBXGroup section */
		08FB7794FE84155DC02AAC07 /* FLAM3 */ = {
			isa = PBXGroup;
			children = (
				42A9424F12CD42A900564238 /* libpng */,
				42A941F212CD3ED200564238 /* libxml */,
				42A941EF12CD3C7800564238 /* config.h */,
				42A941EA12CD3C5400564238 /* filters.h */,
				42A941EB12CD3C5400564238 /* filters.c */,
				42A941EC12CD3C5400564238 /* docstring.c */,
				42A941E812CD3C3600564238 /* flam3-render.c */,
				42A941E612CD3C0C00564238 /* flam3.c */,
				42A941E512CD3BFF00564238 /* flam3.h */,
				42A941E412CD3BF100564238 /* img.h */,
				42A941DC12CD3B0900564238 /* isaacs.h */,
				42A941DD12CD3B0900564238 /* isaac.h */,
				42A941DE12CD3B0900564238 /* isaac.c */,
				42A941DF12CD3B0900564238 /* interpolation.h */,
				42A941E012CD3B0900564238 /* interpolation.c */,
				42A941D212CD3ADF00564238 /* private.h */,
				42A941D312CD3ADF00564238 /* png.c */,
				42A941D412CD3ADF00564238 /* parser.h */,
				42A941D512CD3ADF00564238 /* parser.c */,
				42A941D612CD3ADF00564238 /* palettes.h */,
				42A941D712CD3ADF00564238 /* palettes.c */,
				42A941C712CD3AA300564238 /* variations.h */,
				42A941C812CD3AA300564238 /* variations.c */,
				08FB7795FE84155DC02AAC07 /* Source */,
				C6A0FF2B0290797F04C91782 /* Documentation */,
				1AB674ADFE9D54B511CA2CBB /* Products */,
			);
			name = FLAM3;
			sourceTree = "<group>";
		};
		08FB7795FE84155DC02AAC07 /* Source */ = {
			isa = PBXGroup;
			children = (
			);
			name = Source;
			sourceTree = "<group>";
		};
		1AB674ADFE9D54B511CA2CBB /* Products */ = {
			isa = PBXGroup;
			children = (
				8DD76FB20486AB0100D96B5E /* FLAM3 */,
				42A9437D12CE7B7000564238 /* libflam3.a */,
			);
			name = Products;
			sourceTree = "<group>";
		};
		42A941F212CD3ED200564238 /* libxml */ = {
			isa = PBXGroup;
			children = (
				42A941F312CD3ED200564238 /* bin */,
				42A941F812CD3ED200564238 /* include */,
				42A9422A12CD3ED200564238 /* lib */,
				42A9423012CD3ED200564238 /* man */,
				42A9423712CD3ED200564238 /* share */,
			);
			name = libxml;
			path = ../../client_generic/libxml;
			sourceTree = SOURCE_ROOT;
		};
		42A941F312CD3ED200564238 /* bin */ = {
			isa = PBXGroup;
			children = (
				42A941F412CD3ED200564238 /* libxml2-2.dll */,
				42A941F512CD3ED200564238 /* xml2-config */,
				42A941F612CD3ED200564238 /* xmlcatalog.exe */,
				42A941F712CD3ED200564238 /* xmllint.exe */,
			);
			path = bin;
			sourceTree = "<group>";
		};
		42A941F812CD3ED200564238 /* include */ = {
			isa = PBXGroup;
			children = (
				42A941F912CD3ED200564238 /* libxml2 */,
			);
			path = include;
			sourceTree = "<group>";
		};
		42A941F912CD3ED200564238 /* libxml2 */ = {
			isa = PBXGroup;
			children = (
				42A941FA12CD3ED200564238 /* libxml */,
			);
			path = libxml2;
			sourceTree = "<group>";
		};
		42A941FA12CD3ED200564238 /* libxml */ = {
			isa = PBXGroup;
			children = (
				42A941FB12CD3ED200564238 /* c14n.h */,
				42A941FC12CD3ED200564238 /* catalog.h */,
				42A941FD12CD3ED200564238 /* chvalid.h */,
				42A941FE12CD3ED200564238 /* debugXML.h */,
				42A941FF12CD3ED200564238 /* dict.h */,
				42A9420012CD3ED200564238 /* DOCBparser.h */,
				42A9420112CD3ED200564238 /* encoding.h */,
				42A9420212CD3ED200564238 /* entities.h */,
				42A9420312CD3ED200564238 /* globals.h */,
				42A9420412CD3ED200564238 /* hash.h */,
				42A9420512CD3ED200564238 /* HTMLparser.h */,
				42A9420612CD3ED200564238 /* HTMLtree.h */,
				42A9420712CD3ED200564238 /* list.h */,
				42A9420812CD3ED200564238 /* nanoftp.h */,
				42A9420912CD3ED200564238 /* nanohttp.h */,
				42A9420A12CD3ED200564238 /* parser.h */,
				42A9420B12CD3ED200564238 /* parserInternals.h */,
				42A9420C12CD3ED200564238 /* pattern.h */,
				42A9420D12CD3ED200564238 /* relaxng.h */,
				42A9420E12CD3ED200564238 /* SAX.h */,
				42A9420F12CD3ED200564238 /* SAX2.h */,
				42A9421012CD3ED200564238 /* schemasInternals.h */,
				42A9421112CD3ED200564238 /* schematron.h */,
				42A9421212CD3ED200564238 /* threads.h */,
				42A9421312CD3ED200564238 /* tree.h */,
				42A9421412CD3ED200564238 /* uri.h */,
				42A9421512CD3ED200564238 /* valid.h */,
				42A9421612CD3ED200564238 /* xinclude.h */,
				42A9421712CD3ED200564238 /* xlink.h */,
				42A9421812CD3ED200564238 /* xmlautomata.h */,
				42A9421912CD3ED200564238 /* xmlerror.h */,
				42A9421A12CD3ED200564238 /* xmlexports.h */,
				42A9421B12CD3ED200564238 /* xmlIO.h */,
				42A9421C12CD3ED200564238 /* xmlmemory.h */,
				42A9421D12CD3ED200564238 /* xmlmodule.h */,
				42A9421E12CD3ED200564238 /* xmlreader.h */,
				42A9421F12CD3ED200564238 /* xmlregexp.h */,
				42A9422012CD3ED200564238 /* xmlsave.h */,
				42A9422112CD3ED200564238 /* xmlschemas.h */,
				42A9422212CD3ED200564238 /* xmlschemastypes.h */,
				42A9422312CD3ED200564238 /* xmlstring.h */,
				42A9422412CD3ED200564238 /* xmlunicode.h */,
				42A9422512CD3ED200564238 /* xmlversion.h */,
				42A9422612CD3ED200564238 /* xmlwriter.h */,
				42A9422712CD3ED200564238 /* xpath.h */,
				42A9422812CD3ED200564238 /* xpathInternals.h */,
				42A9422912CD3ED200564238 /* xpointer.h */,
			);
			path = libxml;
			sourceTree = "<group>";
		};
		42A9422A12CD3ED200564238 /* lib */ = {
			isa = PBXGroup;
			children = (
				42A9422B12CD3ED200564238 /* libxml2.a */,
				42A9422C12CD3ED200564238 /* libxml2.dll.a */,
				42A9422D12CD3ED200564238 /* pkgconfig */,
				42A9422F12CD3ED200564238 /* xml2Conf.sh */,
			);
			path = lib;
			sourceTree = "<group>";
		};
		42A9422D12CD3ED200564238 /* pkgconfig */ = {
			isa = PBXGroup;
			children = (
				42A9422E12CD3ED200564238 /* libxml-2.0.pc */,
			);
			path = pkgconfig;
			sourceTree = "<group>";
		};
		42A9423012CD3ED200564238 /* man */ = {
			isa = PBXGroup;
			children = (
				42A9423112CD3ED200564238 /* man1 */,
				42A9423512CD3ED200564238 /* man3 */,
			);
			path = man;
			sourceTree = "<group>";
		};
		42A9423112CD3ED200564238 /* man1 */ = {
			isa = PBXGroup;
			children = (
				42A9423212CD3ED200564238 /* xml2-config.1 */,
				42A9423312CD3ED200564238 /* xmlcatalog.1 */,
				42A9423412CD3ED200564238 /* xmllint.1 */,
			);
			path = man1;
			sourceTree = "<group>";
		};
		42A9423512CD3ED200564238 /* man3 */ = {
			isa = PBXGroup;
			children = (
				42A9423612CD3ED200564238 /* libxml.3 */,
			);
			path = man3;
			sourceTree = "<group>";
		};
		42A9423712CD3ED200564238 /* share */ = {
			isa = PBXGroup;
			children = (
				42A9423812CD3ED200564238 /* aclocal */,
			);
			path = share;
			sourceTree = "<group>";
		};
		42A9423812CD3ED200564238 /* aclocal */ = {
			isa = PBXGroup;
			children = (
				42A9423912CD3ED200564238 /* libxml.m4 */,
			);
			path = aclocal;
			sourceTree = "<group>";
		};
		42A9424F12CD42A900564238 /* libpng */ = {
			isa = PBXGroup;
			children = (
				42A9425012CD42A900564238 /* include */,
				42A9425312CD42A900564238 /* osx */,
			);
			name = libpng;
			path = ../../client_generic/libpng;
			sourceTree = SOURCE_ROOT;
		};
		42A9425012CD42A900564238 /* include */ = {
			isa = PBXGroup;
			children = (
				42A9425112CD42A900564238 /* png.h */,
				42A9425212CD42A900564238 /* pngconf.h */,
			);
			path = include;
			sourceTree = "<group>";
		};
		42A9425312CD42A900564238 /* osx */ = {
			isa = PBXGroup;
			children = (
				42A9425412CD42A900564238 /* lib */,
			);
			path = osx;
			sourceTree = "<group>";
		};
		42A9425412CD42A900564238 /* lib */ = {
			isa = PBXGroup;
			children = (
				42A9425512CD42A900564238 /* libpng.a */,
			);
			path = lib;
			sourceTree = "<group>";
		};
		C6A0FF2B0290797F04C91782 /* Documentation */ = {
			isa = PBXGroup;
			children = (
				C6A0FF2C0290799A04C91782 /* FLAM3.1 */,
			);
			name = Documentation;
			sourceTree = "<group>";
		};
/* End PBXGroup section */

/* Begin PBXHeadersBuildPhase section */
		42A9437912CE7B7000564238 /* Headers */ = {
			isa = PBXHeadersBuildPhase;
			buildActionMask = 2147483647;
			files = (
			);
			runOnlyForDeploymentPostprocessing = 0;
		};
/* End PBXHeadersBuildPhase section */

/* Begin PBXNativeTarget section */
		42A9437C12CE7B7000564238 /* flam3 */ = {
			isa = PBXNativeTarget;
			buildConfigurationList = 42A9438012CE7B8F00564238 /* Build configuration list for PBXNativeTarget "flam3" */;
			buildPhases = (
				42A9437912CE7B7000564238 /* Headers */,
				42A9437A12CE7B7000564238 /* Sources */,
				42A9437B12CE7B7000564238 /* Frameworks */,
			);
			buildRules = (
			);
			dependencies = (
			);
			name = flam3;
			productName = flam3;
			productReference = 42A9437D12CE7B7000564238 /* libflam3.a */;
			productType = "com.apple.product-type.library.static";
		};
		8DD76FA90486AB0100D96B5E /* FLAM3 */ = {
			isa = PBXNativeTarget;
			buildConfigurationList = 1DEB928508733DD80010E9CD /* Build configuration list for PBXNativeTarget "FLAM3" */;
			buildPhases = (
				8DD76FAB0486AB0100D96B5E /* Sources */,
				8DD76FAD0486AB0100D96B5E /* Frameworks */,
				8DD76FAF0486AB0100D96B5E /* CopyFiles */,
			);
			buildRules = (
			);
			dependencies = (
			);
			name = FLAM3;
			productInstallPath = "$(HOME)/bin";
			productName = FLAM3;
			productReference = 8DD76FB20486AB0100D96B5E /* FLAM3 */;
			productType = "com.apple.product-type.tool";
		};
/* End PBXNativeTarget section */

/* Begin PBXProject section */
		08FB7793FE84155DC02AAC07 /* Project object */ = {
			isa = PBXProject;
			attributes = {
				LastUpgradeCheck = 0420;
			};
			buildConfigurationList = 1DEB928908733DD80010E9CD /* Build configuration list for PBXProject "FLAM3" */;
			compatibilityVersion = "Xcode 3.2";
			developmentRegion = English;
			hasScannedForEncodings = 1;
			knownRegions = (
				English,
				Japanese,
				French,
				German,
			);
			mainGroup = 08FB7794FE84155DC02AAC07 /* FLAM3 */;
			projectDirPath = "";
			projectRoot = "";
			targets = (
				8DD76FA90486AB0100D96B5E /* FLAM3 */,
				42A9437C12CE7B7000564238 /* flam3 */,
			);
		};
/* End PBXProject section */

/* Begin PBXSourcesBuildPhase section */
		42A9437A12CE7B7000564238 /* Sources */ = {
			isa = PBXSourcesBuildPhase;
			buildActionMask = 2147483647;
			files = (
				42A9438C12CE7C9000564238 /* variations.c in Sources */,
				42A9438D12CE7C9000564238 /* png.c in Sources */,
				42A9438E12CE7C9000564238 /* parser.c in Sources */,
				42A9438F12CE7C9000564238 /* palettes.c in Sources */,
				42A9439012CE7C9000564238 /* isaac.c in Sources */,
				42A9439112CE7C9000564238 /* interpolation.c in Sources */,
				42A9439212CE7C9000564238 /* flam3.c in Sources */,
				42A9439412CE7C9000564238 /* filters.c in Sources */,
				42A9439512CE7C9000564238 /* docstring.c in Sources */,
			);
			runOnlyForDeploymentPostprocessing = 0;
		};
		8DD76FAB0486AB0100D96B5E /* Sources */ = {
			isa = PBXSourcesBuildPhase;
			buildActionMask = 2147483647;
			files = (
				42A941C912CD3AA300564238 /* variations.c in Sources */,
				42A941D812CD3ADF00564238 /* png.c in Sources */,
				42A941D912CD3ADF00564238 /* parser.c in Sources */,
				42A941DA12CD3ADF00564238 /* palettes.c in Sources */,
				42A941E212CD3B0900564238 /* isaac.c in Sources */,
				42A941E312CD3B0900564238 /* interpolation.c in Sources */,
				42A941E712CD3C0C00564238 /* flam3.c in Sources */,
				42A941E912CD3C3600564238 /* flam3-render.c in Sources */,
				42A941ED12CD3C5400564238 /* filters.c in Sources */,
				42A941EE12CD3C5400564238 /* docstring.c in Sources */,
			);
			runOnlyForDeploymentPostprocessing = 0;
		};
/* End PBXSourcesBuildPhase section */

/* Begin XCBuildConfiguration section */
		1DEB928608733DD80010E9CD /* Debug */ = {
			isa = XCBuildConfiguration;
			buildSettings = {
				ALWAYS_SEARCH_USER_PATHS = NO;
				COPY_PHASE_STRIP = NO;
				GCC_DYNAMIC_NO_PIC = NO;
				GCC_MODEL_TUNING = G5;
				GCC_OPTIMIZATION_LEVEL = 0;
				GCC_VERSION = com.apple.compilers.llvm.clang.1_0;
				HEADER_SEARCH_PATHS = (
					"\"/Users/spot/sheep-google-svn/electricsheep/client_generic/libpng/include\"",
					"\"/Users/spot/sheep-google-svn/electricsheep/client_generic/libxml/include/libxml2\"",
					"\"$(SRCROOT)/flam3/src\"",
				);
				INSTALL_PATH = /usr/local/bin;
				LIBRARY_SEARCH_PATHS = (
					"$(inherited)",
					"\"/Users/spot/sheep-google-svn/electricsheep/client_generic/libxml/lib\"",
					"\"/Users/spot/sheep-google-svn/electricsheep/client_generic/libpng/osx/lib\"",
				);
				"OTHER_LDFLAGS[arch=*]" = (
					/usr/lib/libxml2.dylib,
					/usr/lib/libz.dylib,
				);
				PRODUCT_NAME = FLAM3;
				WARNING_LDFLAGS = (
					/usr/lib/libxml2.dylib,
					/usr/lib/libz.dylib,
				);
			};
			name = Debug;
		};
		1DEB928708733DD80010E9CD /* Release */ = {
			isa = XCBuildConfiguration;
			buildSettings = {
				ALWAYS_SEARCH_USER_PATHS = NO;
				DEBUG_INFORMATION_FORMAT = "dwarf-with-dsym";
				GCC_MODEL_TUNING = G5;
				GCC_VERSION = com.apple.compilers.llvm.clang.1_0;
				HEADER_SEARCH_PATHS = (
					"\"/Users/spot/sheep-google-svn/electricsheep/client_generic/libpng/include\"",
					"\"/Users/spot/sheep-google-svn/electricsheep/client_generic/libxml/include/libxml2\"",
					"\"$(SRCROOT)/flam3/src\"",
				);
				INSTALL_PATH = /usr/local/bin;
				LIBRARY_SEARCH_PATHS = (
					"$(inherited)",
					"\"/Users/spot/sheep-google-svn/electricsheep/client_generic/libxml/lib\"",
					"\"/Users/spot/sheep-google-svn/electricsheep/client_generic/libpng/osx/lib\"",
				);
				"OTHER_LDFLAGS[arch=*]" = (
					/usr/lib/libxml2.dylib,
					/usr/lib/libz.dylib,
				);
				PRODUCT_NAME = FLAM3;
				WARNING_LDFLAGS = (
					/usr/lib/libxml2.dylib,
					/usr/lib/libz.dylib,
				);
			};
			name = Release;
		};
		1DEB928A08733DD80010E9CD /* Debug */ = {
			isa = XCBuildConfiguration;
			buildSettings = {
				ARCHS = "$(ARCHS_STANDARD_32_64_BIT)";
				GCC_C_LANGUAGE_STANDARD = gnu99;
				GCC_OPTIMIZATION_LEVEL = 0;
				GCC_PREPROCESSOR_DEFINITIONS = (
					"PACKAGE_DATA_DIR=\\\"/Users/spot/Documents/FLAM3/flam3/src\\\"",
					"SVN_REV=\\\"3.0.1\\\"",
				);
				GCC_WARN_ABOUT_RETURN_TYPE = YES;
				GCC_WARN_UNUSED_VARIABLE = YES;
				HEADER_SEARCH_PATHS = (
					"\"$(SRCROOT)/../../client_generic/libpng/include\"",
					"\"$(SRCROOT)/../../client_generic/libxml/include/libxml2\"",
					"\"$(SRCROOT)/flam3/src\"",
				);
				LIBRARY_SEARCH_PATHS = "\"$(SRCROOT)/../../client_generic/libpng/osx/lib\"";
				ONLY_ACTIVE_ARCH = YES;
				OTHER_LDFLAGS = "";
				SDKROOT = macosx;
			};
			name = Debug;
		};
		1DEB928B08733DD80010E9CD /* Release */ = {
			isa = XCBuildConfiguration;
			buildSettings = {
				ARCHS = "$(ARCHS_STANDARD_32_64_BIT)";
				GCC_C_LANGUAGE_STANDARD = gnu99;
				GCC_PREPROCESSOR_DEFINITIONS = (
					"PACKAGE_DATA_DIR=\\\"/Users/spot/Documents/FLAM3/flam3/src\\\"",
					"SVN_REV=\\\"3.0.1\\\"",
				);
				GCC_WARN_ABOUT_RETURN_TYPE = YES;
				GCC_WARN_UNUSED_VARIABLE = YES;
				HEADER_SEARCH_PATHS = (
					"\"$(SRCROOT)/../../client_generic/libpng/include\"",
					"\"$(SRCROOT)/../../client_generic/libxml/include/libxml2\"",
					"\"$(SRCROOT)/flam3/src\"",
				);
				OTHER_LDFLAGS = "";
				SDKROOT = macosx;
			};
			name = Release;
		};
		42A9437E12CE7B7100564238 /* Debug */ = {
			isa = XCBuildConfiguration;
			buildSettings = {
				ALWAYS_SEARCH_USER_PATHS = NO;
				COPY_PHASE_STRIP = NO;
				GCC_DYNAMIC_NO_PIC = NO;
				GCC_OPTIMIZATION_LEVEL = 0;
				GCC_VERSION = com.apple.compilers.llvm.clang.1_0;
				PRODUCT_NAME = flam3;
			};
			name = Debug;
		};
		42A9437F12CE7B7100564238 /* Release */ = {
			isa = XCBuildConfiguration;
			buildSettings = {
				ALWAYS_SEARCH_USER_PATHS = NO;
				COPY_PHASE_STRIP = YES;
				DEBUG_INFORMATION_FORMAT = "dwarf-with-dsym";
				GCC_VERSION = com.apple.compilers.llvm.clang.1_0;
				PRODUCT_NAME = flam3;
				ZERO_LINK = NO;
			};
			name = Release;
		};
/* End XCBuildConfiguration section */

/* Begin XCConfigurationList section */
		1DEB928508733DD80010E9CD /* Build configuration list for PBXNativeTarget "FLAM3" */ = {
			isa = XCConfigurationList;
			buildConfigurations = (
				1DEB928608733DD80010E9CD /* Debug */,
				1DEB928708733DD80010E9CD /* Release */,
			);
			defaultConfigurationIsVisible = 0;
			defaultConfigurationName = Release;
		};
		1DEB928908733DD80010E9CD /* Build configuration list for PBXProject "FLAM3" */ = {
			isa = XCConfigurationList;
			buildConfigurations = (
				1DEB928A08733DD80010E9CD /* Debug */,
				1DEB928B08733DD80010E9CD /* Release */,
			);
			defaultConfigurationIsVisible = 0;
			defaultConfigurationName = Release;
		};
		42A9438012CE7B8F00564238 /* Build configuration list for PBXNativeTarget "flam3" */ = {
			isa = XCConfigurationList;
			buildConfigurations = (
				42A9437E12CE7B7100564238 /* Debug */,
				42A9437F12CE7B7100564238 /* Release */,
			);
			defaultConfigurationIsVisible = 0;
			defaultConfigurationName = Release;
		};
/* End XCConfigurationList section */
	};
	rootObject = 08FB7793FE84155DC02AAC07 /* Project object */;
}
